
Microsoft Visual Studio Solution File, Format Version 12.00
# Visual Studio Version 17
VisualStudioVersion = 17.2.32616.157
MinimumVisualStudioVersion = 10.0.40219.1
Project("{8BC9CEB8-8B4A-11D0-8D11-00A0C91BC942}") = "Class_Point", "Class_Point\Class_Point.vcxproj", "{D60C0900-62D0-45D0-BD01-DB25D6B6327E}"
EndProject
Project("{8BC9CEB8-8B4A-11D0-8D11-00A0C91BC942}") = "Fraction", "Fraction\Fraction.vcxproj", "{971E56D3-4B2D-419E-B50D-6C5BF73BB4AC}"
EndProject
Project("{8BC9CEB8-8B4A-11D0-8D11-00A0C91BC942}") = "Reservoir", "Reservoir\Reservoir.vcxproj", "{4837AE77-1D1B-4C55-B4CB-FB3FEF40B4F7}"
EndProject
Global
	GlobalSection(SolutionConfigurationPlatforms) = preSolution
		Debug|x64 = Debug|x64
		Debug|x86 = Debug|x86
		Release|x64 = Release|x64
		Release|x86 = Release|x86
	EndGlobalSection
	GlobalSection(ProjectConfigurationPlatforms) = postSolution
		{D60C0900-62D0-45D0-BD01-DB25D6B6327E}.Debug|x64.ActiveCfg = Debug|x64
		{D60C0900-62D0-45D0-BD01-DB25D6B6327E}.Debug|x64.Build.0 = Debug|x64
		{D60C0900-62D0-45D0-BD01-DB25D6B6327E}.Debug|x86.ActiveCfg = Debug|Win32
		{D60C0900-62D0-45D0-BD01-DB25D6B6327E}.Debug|x86.Build.0 = Debug|Win32
		{D60C0900-62D0-45D0-BD01-DB25D6B6327E}.Release|x64.ActiveCfg = Release|x64
		{D60C0900-62D0-45D0-BD01-DB25D6B6327E}.Release|x64.Build.0 = Release|x64
		{D60C0900-62D0-45D0-BD01-DB25D6B6327E}.Release|x86.ActiveCfg = Release|Win32
		{D60C0900-62D0-45D0-BD01-DB25D6B6327E}.Release|x86.Build.0 = Release|Win32
		{971E56D3-4B2D-419E-B50D-6C5BF73BB4AC}.Debug|x64.ActiveCfg = Debug|x64
		{971E56D3-4B2D-419E-B50D-6C5BF73BB4AC}.Debug|x64.Build.0 = Debug|x64
		{971E56D3-4B2D-419E-B50D-6C5BF73BB4AC}.Debug|x86.ActiveCfg = Debug|Win32
		{971E56D3-4B2D-419E-B50D-6C5BF73BB4AC}.Debug|x86.Build.0 = Debug|Win32
		{971E56D3-4B2D-419E-B50D-6C5BF73BB4AC}.Release|x64.ActiveCfg = Release|x64
		{971E56D3-4B2D-419E-B50D-6C5BF73BB4AC}.Release|x64.Build.0 = Release|x64
		{971E56D3-4B2D-419E-B50D-6C5BF73BB4AC}.Release|x86.ActiveCfg = Release|Win32
		{971E56D3-4B2D-419E-B50D-6C5BF73BB4AC}.Release|x86.Build.0 = Release|Win32
		{4837AE77-1D1B-4C55-B4CB-FB3FEF40B4F7}.Debug|x64.ActiveCfg = Debug|x64
		{4837AE77-1D1B-4C55-B4CB-FB3FEF40B4F7}.Debug|x64.Build.0 = Debug|x64
		{4837AE77-1D1B-4C55-B4CB-FB3FEF40B4F7}.Debug|x86.ActiveCfg = Debug|Win32
		{4837AE77-1D1B-4C55-B4CB-FB3FEF40B4F7}.Debug|x86.Build.0 = Debug|Win32
		{4837AE77-1D1B-4C55-B4CB-FB3FEF40B4F7}.Release|x64.ActiveCfg = Release|x64
		{4837AE77-1D1B-4C55-B4CB-FB3FEF40B4F7}.Release|x64.Build.0 = Release|x64
		{4837AE77-1D1B-4C55-B4CB-FB3FEF40B4F7}.Release|x86.ActiveCfg = Release|Win32
		{4837AE77-1D1B-4C55-B4CB-FB3FEF40B4F7}.Release|x86.Build.0 = Release|Win32
	EndGlobalSection
	GlobalSection(SolutionProperties) = preSolution
		HideSolutionNode = FALSE
	EndGlobalSection
	GlobalSection(ExtensibilityGlobals) = postSolution
		SolutionGuid = {1CF450A9-A1C6-499D-8FD5-240697E1CDCC}
	EndGlobalSection
EndGlobal
