
Microsoft Visual Studio Solution File, Format Version 12.00
# Visual Studio Version 17
VisualStudioVersion = 17.4.33122.133
MinimumVisualStudioVersion = 10.0.40219.1
Project("{FAE04EC0-301F-11D3-BF4B-00C04F79EFBC}") = "tasks_from_26.11.22", "tasks_from_26.11.22\tasks_from_26.11.22.csproj", "{05CE799D-A489-4549-8DE2-43CA44B43B19}"
EndProject
Global
	GlobalSection(SolutionConfigurationPlatforms) = preSolution
		Debug|Any CPU = Debug|Any CPU
		Release|Any CPU = Release|Any CPU
	EndGlobalSection
	GlobalSection(ProjectConfigurationPlatforms) = postSolution
		{05CE799D-A489-4549-8DE2-43CA44B43B19}.Debug|Any CPU.ActiveCfg = Debug|Any CPU
		{05CE799D-A489-4549-8DE2-43CA44B43B19}.Debug|Any CPU.Build.0 = Debug|Any CPU
		{05CE799D-A489-4549-8DE2-43CA44B43B19}.Release|Any CPU.ActiveCfg = Release|Any CPU
		{05CE799D-A489-4549-8DE2-43CA44B43B19}.Release|Any CPU.Build.0 = Release|Any CPU
	EndGlobalSection
	GlobalSection(SolutionProperties) = preSolution
		HideSolutionNode = FALSE
	EndGlobalSection
	GlobalSection(ExtensibilityGlobals) = postSolution
		SolutionGuid = {DDC4CC9A-205F-426E-999E-71C5F384B09E}
	EndGlobalSection
EndGlobal
