
Microsoft Visual Studio Solution File, Format Version 12.00
# Visual Studio Version 17
VisualStudioVersion = 17.4.33205.214
MinimumVisualStudioVersion = 10.0.40219.1
Project("{9A19103F-16F7-4668-BE54-9A1E7A4F7556}") = "build_№1", "build_№1.csproj", "{355658AF-E821-41FD-B382-5A940F117832}"
EndProject
Project("{9A19103F-16F7-4668-BE54-9A1E7A4F7556}") = "build_№2", "..\build_№2\build_№2.csproj", "{4F1BEA45-3185-4013-8855-4B0A2A9B92F8}"
	ProjectSection(ProjectDependencies) = postProject
		{355658AF-E821-41FD-B382-5A940F117832} = {355658AF-E821-41FD-B382-5A940F117832}
	EndProjectSection
EndProject
Global
	GlobalSection(SolutionConfigurationPlatforms) = preSolution
		Debug|Any CPU = Debug|Any CPU
		Release|Any CPU = Release|Any CPU
	EndGlobalSection
	GlobalSection(ProjectConfigurationPlatforms) = postSolution
		{355658AF-E821-41FD-B382-5A940F117832}.Debug|Any CPU.ActiveCfg = Debug|Any CPU
		{355658AF-E821-41FD-B382-5A940F117832}.Debug|Any CPU.Build.0 = Debug|Any CPU
		{355658AF-E821-41FD-B382-5A940F117832}.Release|Any CPU.ActiveCfg = Release|Any CPU
		{355658AF-E821-41FD-B382-5A940F117832}.Release|Any CPU.Build.0 = Release|Any CPU
		{4F1BEA45-3185-4013-8855-4B0A2A9B92F8}.Debug|Any CPU.ActiveCfg = Debug|Any CPU
		{4F1BEA45-3185-4013-8855-4B0A2A9B92F8}.Debug|Any CPU.Build.0 = Debug|Any CPU
		{4F1BEA45-3185-4013-8855-4B0A2A9B92F8}.Release|Any CPU.ActiveCfg = Release|Any CPU
		{4F1BEA45-3185-4013-8855-4B0A2A9B92F8}.Release|Any CPU.Build.0 = Release|Any CPU
	EndGlobalSection
	GlobalSection(SolutionProperties) = preSolution
		HideSolutionNode = FALSE
	EndGlobalSection
	GlobalSection(ExtensibilityGlobals) = postSolution
		SolutionGuid = {DB3806D3-1F15-4F8B-BD8E-E8CE29960448}
	EndGlobalSection
EndGlobal
